
Microsoft Visual Studio Solution File, Format Version 12.00
# Visual Studio Version 17
VisualStudioVersion = 17.11.35312.102
MinimumVisualStudioVersion = 10.0.40219.1
Project("{FAE04EC0-301F-11D3-BF4B-00C04F79EFBC}") = "octo-lounge-accountant-api", "octo-lounge-accountant-api.csproj", "{B1B0B81D-4C0C-4747-8A74-55AF6FC547E0}"
EndProject
Global
	GlobalSection(SolutionConfigurationPlatforms) = preSolution
		Debug|Any CPU = Debug|Any CPU
		Release|Any CPU = Release|Any CPU
	EndGlobalSection
	GlobalSection(ProjectConfigurationPlatforms) = postSolution
		{B1B0B81D-4C0C-4747-8A74-55AF6FC547E0}.Debug|Any CPU.ActiveCfg = Debug|Any CPU
		{B1B0B81D-4C0C-4747-8A74-55AF6FC547E0}.Debug|Any CPU.Build.0 = Debug|Any CPU
		{B1B0B81D-4C0C-4747-8A74-55AF6FC547E0}.Release|Any CPU.ActiveCfg = Release|Any CPU
		{B1B0B81D-4C0C-4747-8A74-55AF6FC547E0}.Release|Any CPU.Build.0 = Release|Any CPU
	EndGlobalSection
	GlobalSection(SolutionProperties) = preSolution
		HideSolutionNode = FALSE
	EndGlobalSection
	GlobalSection(ExtensibilityGlobals) = postSolution
		SolutionGuid = {762CFE24-6DE8-4801-8597-2C2D0D71D6D7}
	EndGlobalSection
EndGlobal
